
Microsoft Visual Studio Solution File, Format Version 12.00
# Visual Studio Version 16
VisualStudioVersion = 16.0.30204.135
MinimumVisualStudioVersion = 10.0.40219.1
Project("{2150E333-8FDC-42A3-9474-1A3956D46DE8}") = "references", "references", "{30B7399E-8E4E-46AA-BD41-A78D8FC1C027}"
EndProject
Project("{8BC9CEB8-8B4A-11D0-8D11-00A0C91BC942}") = "directx12-wrapper", "references\directx12-wrapper\directx12-wrapper.vcxproj", "{79DF4B1F-8673-4153-BB01-87BDE91D8642}"
EndProject
Project("{8BC9CEB8-8B4A-11D0-8D11-00A0C91BC942}") = "path-tracing-gpu", "path-tracing-gpu\path-tracing-gpu.vcxproj", "{B13B5B6D-F664-4192-9235-6FFCC746BB85}"
EndProject
Global
	GlobalSection(SolutionConfigurationPlatforms) = preSolution
		Debug|x64 = Debug|x64
		Debug|x86 = Debug|x86
		Release|x64 = Release|x64
		Release|x86 = Release|x86
	EndGlobalSection
	GlobalSection(ProjectConfigurationPlatforms) = postSolution
		{79DF4B1F-8673-4153-BB01-87BDE91D8642}.Debug|x64.ActiveCfg = Debug|x64
		{79DF4B1F-8673-4153-BB01-87BDE91D8642}.Debug|x64.Build.0 = Debug|x64
		{79DF4B1F-8673-4153-BB01-87BDE91D8642}.Debug|x86.ActiveCfg = Debug|Win32
		{79DF4B1F-8673-4153-BB01-87BDE91D8642}.Debug|x86.Build.0 = Debug|Win32
		{79DF4B1F-8673-4153-BB01-87BDE91D8642}.Release|x64.ActiveCfg = Release|x64
		{79DF4B1F-8673-4153-BB01-87BDE91D8642}.Release|x64.Build.0 = Release|x64
		{79DF4B1F-8673-4153-BB01-87BDE91D8642}.Release|x86.ActiveCfg = Release|Win32
		{79DF4B1F-8673-4153-BB01-87BDE91D8642}.Release|x86.Build.0 = Release|Win32
		{B13B5B6D-F664-4192-9235-6FFCC746BB85}.Debug|x64.ActiveCfg = Debug|x64
		{B13B5B6D-F664-4192-9235-6FFCC746BB85}.Debug|x64.Build.0 = Debug|x64
		{B13B5B6D-F664-4192-9235-6FFCC746BB85}.Debug|x86.ActiveCfg = Debug|Win32
		{B13B5B6D-F664-4192-9235-6FFCC746BB85}.Debug|x86.Build.0 = Debug|Win32
		{B13B5B6D-F664-4192-9235-6FFCC746BB85}.Release|x64.ActiveCfg = Release|x64
		{B13B5B6D-F664-4192-9235-6FFCC746BB85}.Release|x64.Build.0 = Release|x64
		{B13B5B6D-F664-4192-9235-6FFCC746BB85}.Release|x86.ActiveCfg = Release|Win32
		{B13B5B6D-F664-4192-9235-6FFCC746BB85}.Release|x86.Build.0 = Release|Win32
	EndGlobalSection
	GlobalSection(SolutionProperties) = preSolution
		HideSolutionNode = FALSE
	EndGlobalSection
	GlobalSection(NestedProjects) = preSolution
		{79DF4B1F-8673-4153-BB01-87BDE91D8642} = {30B7399E-8E4E-46AA-BD41-A78D8FC1C027}
	EndGlobalSection
	GlobalSection(ExtensibilityGlobals) = postSolution
		SolutionGuid = {37A540BB-AA5A-4FB4-9830-0BF05142A1B5}
	EndGlobalSection
EndGlobal
