<?xml version="1.0" encoding="utf-8"?>
<Project ToolsVersion="4.0" xmlns="http://schemas.microsoft.com/developer/msbuild/2003">
  <ItemGroup>
    <ClInclude Include="interfaces\noncopyable.hpp">
      <Filter>interfaces</Filter>
    </ClInclude>
    <ClInclude Include="application_base.hpp" />
    <ClInclude Include="cameras\camera.hpp">
      <Filter>cameras</Filter>
    </ClInclude>
    <ClInclude Include="shared\transform.hpp">
      <Filter>shared</Filter>
    </ClInclude>
    <ClInclude Include="emitters\emitter.hpp">
      <Filter>emitters</Filter>
    </ClInclude>
    <ClInclude Include="emitters\point_emitter.hpp">
      <Filter>emitters</Filter>
    </ClInclude>
    <ClInclude Include="materials\material.hpp">
      <Filter>materials</Filter>
    </ClInclude>
    <ClInclude Include="materials\diffuse_material.hpp">
      <Filter>materials</Filter>
    </ClInclude>
    <ClInclude Include="shapes\shape.hpp">
      <Filter>shapes</Filter>
    </ClInclude>
    <ClInclude Include="shapes\sphere.hpp">
      <Filter>shapes</Filter>
    </ClInclude>
    <ClInclude Include="scenes\entity.hpp">
      <Filter>scenes</Filter>
    </ClInclude>
    <ClInclude Include="scenes\scene.hpp">
      <Filter>scenes</Filter>
    </ClInclude>
    <ClInclude Include="renderer_backend.hpp" />
  </ItemGroup>
  <ItemGroup>
    <Filter Include="interfaces">
      <UniqueIdentifier>{3643d400-b1bd-4556-b5fc-6a9fdbf340b0}</UniqueIdentifier>
    </Filter>
    <Filter Include="cameras">
      <UniqueIdentifier>{1d124487-6f4c-4b14-80c7-3a65f14ca72c}</UniqueIdentifier>
    </Filter>
    <Filter Include="shared">
      <UniqueIdentifier>{20b28826-0a6a-449c-a58f-6c83698e41e4}</UniqueIdentifier>
    </Filter>
    <Filter Include="emitters">
      <UniqueIdentifier>{dde017f1-4a83-47fe-b52a-ee43c3666fb8}</UniqueIdentifier>
    </Filter>
    <Filter Include="materials">
      <UniqueIdentifier>{c8f4a06a-9ddf-4a10-94dc-ed89b876e699}</UniqueIdentifier>
    </Filter>
    <Filter Include="shapes">
      <UniqueIdentifier>{1d71370f-a31e-4dee-9bf7-b306262559b4}</UniqueIdentifier>
    </Filter>
    <Filter Include="scenes">
      <UniqueIdentifier>{7c828fef-2b40-475e-a9df-65cbf545a818}</UniqueIdentifier>
    </Filter>
  </ItemGroup>
  <ItemGroup>
    <ClCompile Include="application_base.cpp" />
    <ClCompile Include="shared\transform.cpp">
      <Filter>shared</Filter>
    </ClCompile>
    <ClCompile Include="cameras\camera.cpp">
      <Filter>cameras</Filter>
    </ClCompile>
    <ClCompile Include="emitters\emitter.cpp">
      <Filter>emitters</Filter>
    </ClCompile>
    <ClCompile Include="emitters\point_emitter.cpp">
      <Filter>emitters</Filter>
    </ClCompile>
    <ClCompile Include="materials\material.cpp">
      <Filter>materials</Filter>
    </ClCompile>
    <ClCompile Include="materials\diffuse_material.cpp">
      <Filter>materials</Filter>
    </ClCompile>
    <ClCompile Include="shapes\shape.cpp">
      <Filter>shapes</Filter>
    </ClCompile>
    <ClCompile Include="shapes\sphere.cpp">
      <Filter>shapes</Filter>
    </ClCompile>
    <ClCompile Include="scenes\entity.cpp">
      <Filter>scenes</Filter>
    </ClCompile>
    <ClCompile Include="scenes\scene.cpp">
      <Filter>scenes</Filter>
    </ClCompile>
    <ClCompile Include="renderer_backend.cpp" />
  </ItemGroup>
</Project>