<?xml version="1.0" encoding="utf-8"?>
<Project ToolsVersion="4.0" xmlns="http://schemas.microsoft.com/developer/msbuild/2003">
  <ItemGroup>
    <ClCompile Include="main.cpp" />
    <ClCompile Include="scenes\components\transform.cpp">
      <Filter>scenes\components</Filter>
    </ClCompile>
    <ClCompile Include="runtime\render\render_device.cpp">
      <Filter>runtime\render</Filter>
    </ClCompile>
    <ClCompile Include="runtime\resources\meshes_system.cpp">
      <Filter>runtime\resources</Filter>
    </ClCompile>
    <ClCompile Include="runtime\runtime_service.cpp">
      <Filter>runtime</Filter>
    </ClCompile>
    <ClCompile Include="runtime\runtime_process.cpp">
      <Filter>runtime</Filter>
    </ClCompile>
    <ClCompile Include="runtime\windows\view_window.cpp">
      <Filter>runtime\windows</Filter>
    </ClCompile>
    <ClCompile Include="extensions\imgui\imgui_impl_win32.cpp">
      <Filter>extensions\imgui</Filter>
    </ClCompile>
    <ClCompile Include="extensions\json\json_scene_loader.cpp">
      <Filter>extensions\json</Filter>
    </ClCompile>
    <ClCompile Include="renderers\renderer.cpp">
      <Filter>renderers</Filter>
    </ClCompile>
    <ClCompile Include="runtime\render\render_system.cpp">
      <Filter>runtime\render</Filter>
    </ClCompile>
    <ClCompile Include="renderers\depth_renderer.cpp">
      <Filter>renderers</Filter>
    </ClCompile>
    <ClCompile Include="extensions\imgui\imgui_renderer.cpp">
      <Filter>extensions\imgui</Filter>
    </ClCompile>
    <ClCompile Include="runtime\windows\window_system.cpp">
      <Filter>runtime\windows</Filter>
    </ClCompile>
  </ItemGroup>
  <ItemGroup>
    <Filter Include="extensions">
      <UniqueIdentifier>{9c9734e7-2d23-4ff8-9b47-6f22d3d2fc61}</UniqueIdentifier>
    </Filter>
    <Filter Include="renderers">
      <UniqueIdentifier>{385a650b-abff-449c-b114-3de3cd809b13}</UniqueIdentifier>
    </Filter>
    <Filter Include="scenes">
      <UniqueIdentifier>{67312bb0-ec4b-4ece-8d8d-514b13da352c}</UniqueIdentifier>
    </Filter>
    <Filter Include="scenes\components">
      <UniqueIdentifier>{c63a95c6-bdb4-4a33-b4cf-df3cdc3e71ad}</UniqueIdentifier>
    </Filter>
    <Filter Include="resources">
      <UniqueIdentifier>{75169d83-d5ba-4bdf-a19b-d5774137d219}</UniqueIdentifier>
    </Filter>
    <Filter Include="cores">
      <UniqueIdentifier>{6110b0bf-0a3e-46f6-a196-fd3c4523f1a3}</UniqueIdentifier>
    </Filter>
    <Filter Include="runtime">
      <UniqueIdentifier>{c7136d99-3711-4ae2-83e1-6e7089865e86}</UniqueIdentifier>
    </Filter>
    <Filter Include="runtime\render">
      <UniqueIdentifier>{350b5a00-a1b6-4daa-adeb-cb7bcfe63ad8}</UniqueIdentifier>
    </Filter>
    <Filter Include="runtime\resources">
      <UniqueIdentifier>{86f5f545-9017-4657-bb7c-de3a47b73819}</UniqueIdentifier>
    </Filter>
    <Filter Include="extensions\glm">
      <UniqueIdentifier>{fff866dc-ebc4-49f5-9bfd-b083fc75166e}</UniqueIdentifier>
    </Filter>
    <Filter Include="runtime\windows">
      <UniqueIdentifier>{26f286fb-77df-4a2f-8ca3-f46786b79401}</UniqueIdentifier>
    </Filter>
    <Filter Include="extensions\imgui">
      <UniqueIdentifier>{4faee840-139e-46d4-bd07-2c63ed0070c9}</UniqueIdentifier>
    </Filter>
    <Filter Include="extensions\json">
      <UniqueIdentifier>{a0023d6d-32c2-41fd-a1ee-4c45eb99d3f6}</UniqueIdentifier>
    </Filter>
  </ItemGroup>
  <ItemGroup>
    <ClInclude Include="scenes\components\transform.hpp">
      <Filter>scenes\components</Filter>
    </ClInclude>
    <ClInclude Include="cores\noncopyable.hpp">
      <Filter>cores</Filter>
    </ClInclude>
    <ClInclude Include="cores\types.hpp">
      <Filter>cores</Filter>
    </ClInclude>
    <ClInclude Include="runtime\render\render_device.hpp">
      <Filter>runtime\render</Filter>
    </ClInclude>
    <ClInclude Include="runtime\resources\meshes_system.hpp">
      <Filter>runtime\resources</Filter>
    </ClInclude>
    <ClInclude Include="extensions\glm\glm.hpp">
      <Filter>extensions\glm</Filter>
    </ClInclude>
    <ClInclude Include="runtime\runtime_process.hpp">
      <Filter>runtime</Filter>
    </ClInclude>
    <ClInclude Include="runtime\runtime_service.hpp">
      <Filter>runtime</Filter>
    </ClInclude>
    <ClInclude Include="scenes\entity.hpp">
      <Filter>scenes</Filter>
    </ClInclude>
    <ClInclude Include="scenes\components\perspective_camera.hpp">
      <Filter>scenes\components</Filter>
    </ClInclude>
    <ClInclude Include="scenes\scene.hpp">
      <Filter>scenes</Filter>
    </ClInclude>
    <ClInclude Include="runtime\windows\view_window.hpp">
      <Filter>runtime\windows</Filter>
    </ClInclude>
    <ClInclude Include="extensions\imgui\imgui_impl_win32.hpp">
      <Filter>extensions\imgui</Filter>
    </ClInclude>
    <ClInclude Include="extensions\json\json.hpp">
      <Filter>extensions\json</Filter>
    </ClInclude>
    <ClInclude Include="extensions\json\json_scene_loader.hpp">
      <Filter>extensions\json</Filter>
    </ClInclude>
    <ClInclude Include="renderers\renderer.hpp">
      <Filter>renderers</Filter>
    </ClInclude>
    <ClInclude Include="runtime\render\render_system.hpp">
      <Filter>runtime\render</Filter>
    </ClInclude>
    <ClInclude Include="renderers\depth_renderer.hpp">
      <Filter>renderers</Filter>
    </ClInclude>
    <ClInclude Include="extensions\imgui\imgui_renderer.hpp">
      <Filter>extensions\imgui</Filter>
    </ClInclude>
    <ClInclude Include="runtime\windows\window_system.hpp">
      <Filter>runtime\windows</Filter>
    </ClInclude>
    <ClInclude Include="runtime\resources\resource_system.hpp">
      <Filter>runtime\resources</Filter>
    </ClInclude>
  </ItemGroup>
</Project>