<?xml version="1.0" encoding="utf-8"?>
<Project ToolsVersion="4.0" xmlns="http://schemas.microsoft.com/developer/msbuild/2003">
  <ItemGroup>
    <ClCompile Include="main.cpp" />
    <ClCompile Include="application.cpp" />
    <ClCompile Include="renderer_directx.cpp" />
    <ClCompile Include="utilities\imgui_impl_dx12.cpp">
      <Filter>utilities</Filter>
    </ClCompile>
    <ClCompile Include="wrapper\utility.cpp">
      <Filter>wrapper</Filter>
    </ClCompile>
    <ClCompile Include="wrapper\device.cpp">
      <Filter>wrapper</Filter>
    </ClCompile>
    <ClCompile Include="wrapper\command_list.cpp">
      <Filter>wrapper</Filter>
    </ClCompile>
    <ClCompile Include="wrapper\descriptor_heap.cpp">
      <Filter>wrapper</Filter>
    </ClCompile>
    <ClCompile Include="wrapper\shader_resource.cpp">
      <Filter>wrapper</Filter>
    </ClCompile>
    <ClCompile Include="wrapper\swap_chain.cpp">
      <Filter>wrapper</Filter>
    </ClCompile>
    <ClCompile Include="wrapper\root_signature.cpp">
      <Filter>wrapper</Filter>
    </ClCompile>
    <ClCompile Include="wrapper\shader_library.cpp">
      <Filter>wrapper</Filter>
    </ClCompile>
    <ClCompile Include="wrapper\shader_table.cpp">
      <Filter>wrapper</Filter>
    </ClCompile>
    <ClCompile Include="wrapper\raytracing_pipeline.cpp">
      <Filter>wrapper</Filter>
    </ClCompile>
    <ClCompile Include="wrapper\raytracing_acceleration.cpp">
      <Filter>wrapper</Filter>
    </ClCompile>
    <ClCompile Include="utilities\resource_cache.cpp">
      <Filter>utilities</Filter>
    </ClCompile>
    <ClCompile Include="utilities\resource_scene.cpp">
      <Filter>utilities</Filter>
    </ClCompile>
    <ClCompile Include="utilities\scene_pipeline.cpp">
      <Filter>utilities</Filter>
    </ClCompile>
  </ItemGroup>
  <ItemGroup>
    <ClInclude Include="application.hpp" />
    <ClInclude Include="renderer_directx.hpp" />
    <ClInclude Include="utilities\imgui_impl_dx12.hpp">
      <Filter>utilities</Filter>
    </ClInclude>
    <ClInclude Include="wrapper\utility.hpp">
      <Filter>wrapper</Filter>
    </ClInclude>
    <ClInclude Include="wrapper\device.hpp">
      <Filter>wrapper</Filter>
    </ClInclude>
    <ClInclude Include="wrapper\command_list.hpp">
      <Filter>wrapper</Filter>
    </ClInclude>
    <ClInclude Include="wrapper\descriptor_heap.hpp">
      <Filter>wrapper</Filter>
    </ClInclude>
    <ClInclude Include="wrapper\shader_resource.hpp">
      <Filter>wrapper</Filter>
    </ClInclude>
    <ClInclude Include="wrapper\swap_chain.hpp">
      <Filter>wrapper</Filter>
    </ClInclude>
    <ClInclude Include="wrapper\root_signature.hpp">
      <Filter>wrapper</Filter>
    </ClInclude>
    <ClInclude Include="wrapper\shader_library.hpp">
      <Filter>wrapper</Filter>
    </ClInclude>
    <ClInclude Include="wrapper\shader_table.hpp">
      <Filter>wrapper</Filter>
    </ClInclude>
    <ClInclude Include="wrapper\raytracing_pipeline.hpp">
      <Filter>wrapper</Filter>
    </ClInclude>
    <ClInclude Include="wrapper\raytracing_acceleration.hpp">
      <Filter>wrapper</Filter>
    </ClInclude>
    <ClInclude Include="utilities\resource_cache.hpp">
      <Filter>utilities</Filter>
    </ClInclude>
    <ClInclude Include="utilities\resource_scene.hpp">
      <Filter>utilities</Filter>
    </ClInclude>
    <ClInclude Include="utilities\scene_pipeline.hpp">
      <Filter>utilities</Filter>
    </ClInclude>
  </ItemGroup>
  <ItemGroup>
    <Filter Include="shaders">
      <UniqueIdentifier>{e23b1b44-c28a-4707-ba04-0b057b2f8965}</UniqueIdentifier>
    </Filter>
    <Filter Include="utilities">
      <UniqueIdentifier>{d41958da-c603-49fd-b9cd-a5b434f8d2ef}</UniqueIdentifier>
    </Filter>
    <Filter Include="wrapper">
      <UniqueIdentifier>{8de4177e-be2c-4426-99de-756b2d9e73c4}</UniqueIdentifier>
    </Filter>
    <Filter Include="shaders\samplers">
      <UniqueIdentifier>{0953c034-9a37-44bb-a370-6fd648beef3f}</UniqueIdentifier>
    </Filter>
    <Filter Include="shaders\emitters">
      <UniqueIdentifier>{38a6f9b0-5a70-44c2-9bca-badc1fbdf344}</UniqueIdentifier>
    </Filter>
    <Filter Include="shaders\shared">
      <UniqueIdentifier>{1893ebbf-8766-4e6f-8cea-2a1543a863cf}</UniqueIdentifier>
    </Filter>
    <Filter Include="shaders\materials">
      <UniqueIdentifier>{92ea0e86-796a-4d1d-a645-9243e2e4cb0d}</UniqueIdentifier>
    </Filter>
    <Filter Include="shaders\scatterings">
      <UniqueIdentifier>{1ee27d2e-6221-401f-a3de-ee4765d93d4b}</UniqueIdentifier>
    </Filter>
    <Filter Include="shaders\shapes">
      <UniqueIdentifier>{90aeab45-33b9-43af-8ed6-44eb7f51d5b2}</UniqueIdentifier>
    </Filter>
    <Filter Include="shaders\textures">
      <UniqueIdentifier>{3cf7cf71-b4ae-4454-9636-aba3e3e487e7}</UniqueIdentifier>
    </Filter>
  </ItemGroup>
  <ItemGroup>
    <CopyFileToFolders Include="shaders\miss_shaders.hlsl">
      <Filter>shaders</Filter>
    </CopyFileToFolders>
    <CopyFileToFolders Include="shaders\ray_generation.hlsl">
      <Filter>shaders</Filter>
    </CopyFileToFolders>
    <CopyFileToFolders Include="shaders\resource_scene.hlsl">
      <Filter>shaders</Filter>
    </CopyFileToFolders>
    <CopyFileToFolders Include="shaders\emitters\emitter.hlsl">
      <Filter>shaders\emitters</Filter>
    </CopyFileToFolders>
    <CopyFileToFolders Include="shaders\emitters\emitter_include.hlsl">
      <Filter>shaders\emitters</Filter>
    </CopyFileToFolders>
    <CopyFileToFolders Include="shaders\emitters\emitter_point.hlsl">
      <Filter>shaders\emitters</Filter>
    </CopyFileToFolders>
    <CopyFileToFolders Include="shaders\shared\interaction.hlsl">
      <Filter>shaders\shared</Filter>
    </CopyFileToFolders>
    <CopyFileToFolders Include="shaders\samplers\random_sampler.hlsl">
      <Filter>shaders\samplers</Filter>
    </CopyFileToFolders>
    <CopyFileToFolders Include="shaders\samplers\random_generator.hlsl">
      <Filter>shaders\samplers</Filter>
    </CopyFileToFolders>
    <CopyFileToFolders Include="shaders\closest_hit.hlsl">
      <Filter>shaders</Filter>
    </CopyFileToFolders>
    <CopyFileToFolders Include="shaders\materials\material.hlsl">
      <Filter>shaders\materials</Filter>
    </CopyFileToFolders>
    <CopyFileToFolders Include="shaders\materials\material_diffuse.hlsl">
      <Filter>shaders\materials</Filter>
    </CopyFileToFolders>
    <CopyFileToFolders Include="shaders\materials\material_include.hlsl">
      <Filter>shaders\materials</Filter>
    </CopyFileToFolders>
    <CopyFileToFolders Include="shaders\scatterings\scattering_include.hlsl">
      <Filter>shaders\scatterings</Filter>
    </CopyFileToFolders>
    <CopyFileToFolders Include="shaders\scatterings\scattering_lambertian.hlsl">
      <Filter>shaders\scatterings</Filter>
    </CopyFileToFolders>
    <CopyFileToFolders Include="shaders\utility.hlsl">
      <Filter>shaders</Filter>
    </CopyFileToFolders>
    <CopyFileToFolders Include="shaders\fix_resharper_error.hlsl">
      <Filter>shaders</Filter>
    </CopyFileToFolders>
    <CopyFileToFolders Include="shaders\emitters\emitter_surface.hlsl">
      <Filter>shaders\emitters</Filter>
    </CopyFileToFolders>
    <CopyFileToFolders Include="shaders\shapes\shape_sampling.hlsl">
      <Filter>shaders\shapes</Filter>
    </CopyFileToFolders>
    <CopyFileToFolders Include="shaders\shapes\shape_include.hlsl">
      <Filter>shaders\shapes</Filter>
    </CopyFileToFolders>
    <CopyFileToFolders Include="shaders\textures\texture.hlsl">
      <Filter>shaders\textures</Filter>
    </CopyFileToFolders>
    <CopyFileToFolders Include="shaders\textures\texture_include.hlsl">
      <Filter>shaders\textures</Filter>
    </CopyFileToFolders>
    <CopyFileToFolders Include="shaders\emitters\emitter_environment.hlsl">
      <Filter>shaders\emitters</Filter>
    </CopyFileToFolders>
    <CopyFileToFolders Include="shaders\scatterings\scattering_specular.hlsl">
      <Filter>shaders\scatterings</Filter>
    </CopyFileToFolders>
    <CopyFileToFolders Include="shaders\materials\material_mirror.hlsl">
      <Filter>shaders\materials</Filter>
    </CopyFileToFolders>
    <CopyFileToFolders Include="shaders\scatterings\scattering_fresnel_blend.hlsl">
      <Filter>shaders\scatterings</Filter>
    </CopyFileToFolders>
    <CopyFileToFolders Include="shaders\scatterings\microfacet_distribution.hlsl">
      <Filter>shaders\scatterings</Filter>
    </CopyFileToFolders>
    <CopyFileToFolders Include="shaders\materials\material_substrate.hlsl">
      <Filter>shaders\materials</Filter>
    </CopyFileToFolders>
    <CopyFileToFolders Include="shaders\scatterings\scattering_microfacet.hlsl">
      <Filter>shaders\scatterings</Filter>
    </CopyFileToFolders>
    <CopyFileToFolders Include="shaders\scatterings\scattering_fresnel_effect.hlsl">
      <Filter>shaders\scatterings</Filter>
    </CopyFileToFolders>
    <CopyFileToFolders Include="shaders\materials\material_metal.hlsl">
      <Filter>shaders\materials</Filter>
    </CopyFileToFolders>
    <CopyFileToFolders Include="shaders\materials\material_uber.hlsl">
      <Filter>shaders\materials</Filter>
    </CopyFileToFolders>
  </ItemGroup>
</Project>